
Microsoft Visual Studio Solution File, Format Version 12.00
# Visual Studio Version 17
VisualStudioVersion = 17.4.33122.133
MinimumVisualStudioVersion = 10.0.40219.1
Project("{FAE04EC0-301F-11D3-BF4B-00C04F79EFBC}") = "JokesWebApp", "JokesWebApp\JokesWebApp.csproj", "{468B1305-3BAF-4B7A-80D9-408EA654538B}"
EndProject
Global
	GlobalSection(SolutionConfigurationPlatforms) = preSolution
		Debug|Any CPU = Debug|Any CPU
		Release|Any CPU = Release|Any CPU
	EndGlobalSection
	GlobalSection(ProjectConfigurationPlatforms) = postSolution
		{468B1305-3BAF-4B7A-80D9-408EA654538B}.Debug|Any CPU.ActiveCfg = Debug|Any CPU
		{468B1305-3BAF-4B7A-80D9-408EA654538B}.Debug|Any CPU.Build.0 = Debug|Any CPU
		{468B1305-3BAF-4B7A-80D9-408EA654538B}.Release|Any CPU.ActiveCfg = Release|Any CPU
		{468B1305-3BAF-4B7A-80D9-408EA654538B}.Release|Any CPU.Build.0 = Release|Any CPU
	EndGlobalSection
	GlobalSection(SolutionProperties) = preSolution
		HideSolutionNode = FALSE
	EndGlobalSection
	GlobalSection(ExtensibilityGlobals) = postSolution
		SolutionGuid = {05F88AC2-88CD-4E9D-A235-9B9164B796A0}
	EndGlobalSection
EndGlobal
